
Microsoft Visual Studio Solution File, Format Version 12.00
# Visual Studio Version 17
VisualStudioVersion = 17.0.32014.148
MinimumVisualStudioVersion = 10.0.40219.1
Project("{FAE04EC0-301F-11D3-BF4B-00C04F79EFBC}") = "Customer Transactional Details Test", "Customer Transactional Details Test.csproj", "{93317B6A-C36E-46CF-B3AF-745480E0EE2D}"
EndProject
Project("{FAE04EC0-301F-11D3-BF4B-00C04F79EFBC}") = "DemoEFDB", "..\..\DemoEFDB\DemoEFDB.csproj", "{06572046-5464-4A3D-8C79-743BB66217A5}"
EndProject
Project("{FAE04EC0-301F-11D3-BF4B-00C04F79EFBC}") = "CFEFDemo", "..\..\CFEFDemo\CFEFDemo.csproj", "{ABEEB7BE-DBDB-458A-99CF-549BF630BD9C}"
EndProject
Project("{FAE04EC0-301F-11D3-BF4B-00C04F79EFBC}") = "TestCrud", "..\..\TestCrud\TestCrud.csproj", "{DA857E5A-D6B0-4FD6-AF44-FDDE8F7CB24C}"
EndProject
Project("{FAE04EC0-301F-11D3-BF4B-00C04F79EFBC}") = "CF_Transaction_Details", "..\CF_Transaction_Details\CF_Transaction_Details.csproj", "{D1C50EF1-4499-43E1-B3A0-4C9DF66657EA}"
EndProject
Global
	GlobalSection(SolutionConfigurationPlatforms) = preSolution
		Debug|Any CPU = Debug|Any CPU
		Release|Any CPU = Release|Any CPU
	EndGlobalSection
	GlobalSection(ProjectConfigurationPlatforms) = postSolution
		{93317B6A-C36E-46CF-B3AF-745480E0EE2D}.Debug|Any CPU.ActiveCfg = Debug|Any CPU
		{93317B6A-C36E-46CF-B3AF-745480E0EE2D}.Debug|Any CPU.Build.0 = Debug|Any CPU
		{93317B6A-C36E-46CF-B3AF-745480E0EE2D}.Release|Any CPU.ActiveCfg = Release|Any CPU
		{93317B6A-C36E-46CF-B3AF-745480E0EE2D}.Release|Any CPU.Build.0 = Release|Any CPU
		{06572046-5464-4A3D-8C79-743BB66217A5}.Debug|Any CPU.ActiveCfg = Debug|Any CPU
		{06572046-5464-4A3D-8C79-743BB66217A5}.Debug|Any CPU.Build.0 = Debug|Any CPU
		{06572046-5464-4A3D-8C79-743BB66217A5}.Release|Any CPU.ActiveCfg = Release|Any CPU
		{06572046-5464-4A3D-8C79-743BB66217A5}.Release|Any CPU.Build.0 = Release|Any CPU
		{ABEEB7BE-DBDB-458A-99CF-549BF630BD9C}.Debug|Any CPU.ActiveCfg = Debug|Any CPU
		{ABEEB7BE-DBDB-458A-99CF-549BF630BD9C}.Debug|Any CPU.Build.0 = Debug|Any CPU
		{ABEEB7BE-DBDB-458A-99CF-549BF630BD9C}.Release|Any CPU.ActiveCfg = Release|Any CPU
		{ABEEB7BE-DBDB-458A-99CF-549BF630BD9C}.Release|Any CPU.Build.0 = Release|Any CPU
		{DA857E5A-D6B0-4FD6-AF44-FDDE8F7CB24C}.Debug|Any CPU.ActiveCfg = Debug|Any CPU
		{DA857E5A-D6B0-4FD6-AF44-FDDE8F7CB24C}.Debug|Any CPU.Build.0 = Debug|Any CPU
		{DA857E5A-D6B0-4FD6-AF44-FDDE8F7CB24C}.Release|Any CPU.ActiveCfg = Release|Any CPU
		{DA857E5A-D6B0-4FD6-AF44-FDDE8F7CB24C}.Release|Any CPU.Build.0 = Release|Any CPU
		{D1C50EF1-4499-43E1-B3A0-4C9DF66657EA}.Debug|Any CPU.ActiveCfg = Debug|Any CPU
		{D1C50EF1-4499-43E1-B3A0-4C9DF66657EA}.Debug|Any CPU.Build.0 = Debug|Any CPU
		{D1C50EF1-4499-43E1-B3A0-4C9DF66657EA}.Release|Any CPU.ActiveCfg = Release|Any CPU
		{D1C50EF1-4499-43E1-B3A0-4C9DF66657EA}.Release|Any CPU.Build.0 = Release|Any CPU
	EndGlobalSection
	GlobalSection(SolutionProperties) = preSolution
		HideSolutionNode = FALSE
	EndGlobalSection
	GlobalSection(ExtensibilityGlobals) = postSolution
		SolutionGuid = {46E0118B-CD4F-4079-AEF6-016EF4C7D5CE}
	EndGlobalSection
EndGlobal
